// !$*UTF8*$!
{
	archiveVersion = 1;
	classes = {
	};
	objectVersion = 50;
	objects = {

/* Begin PBXBuildFile section */
		9A256BA3215D44ED00EEBB55 /* CharacterViewController.swift in Sources */ = {isa = PBXBuildFile; fileRef = 9A256BA2215D44ED00EEBB55 /* CharacterViewController.swift */; };
		9A7F841D215A9AAC00EB4C23 /* Character.swift in Sources */ = {isa = PBXBuildFile; fileRef = 9A7F841C215A9AAC00EB4C23 /* Character.swift */; };
		9A8224DD215D375C00CF4C23 /* characterInfo.xib in Resources */ = {isa = PBXBuildFile; fileRef = 9A8224DC215D375C00CF4C23 /* characterInfo.xib */; };
		9A9277D92149973A00094883 /* AppDelegate.swift in Sources */ = {isa = PBXBuildFile; fileRef = 9A9277D82149973A00094883 /* AppDelegate.swift */; };
		9A9277DB2149973A00094883 /* ViewController.swift in Sources */ = {isa = PBXBuildFile; fileRef = 9A9277DA2149973A00094883 /* ViewController.swift */; };
		9A9277DE2149973A00094883 /* Main.storyboard in Resources */ = {isa = PBXBuildFile; fileRef = 9A9277DC2149973A00094883 /* Main.storyboard */; };
		9A9277E02149973B00094883 /* Assets.xcassets in Resources */ = {isa = PBXBuildFile; fileRef = 9A9277DF2149973B00094883 /* Assets.xcassets */; };
		9A9277E32149973B00094883 /* LaunchScreen.storyboard in Resources */ = {isa = PBXBuildFile; fileRef = 9A9277E12149973B00094883 /* LaunchScreen.storyboard */; };
		9A9277EE2149973B00094883 /* Harry_PotterTests.swift in Sources */ = {isa = PBXBuildFile; fileRef = 9A9277ED2149973B00094883 /* Harry_PotterTests.swift */; };
/* End PBXBuildFile section */

/* Begin PBXContainerItemProxy section */
		9A9277EA2149973B00094883 /* PBXContainerItemProxy */ = {
			isa = PBXContainerItemProxy;
			containerPortal = 9A9277CD2149973A00094883 /* Project object */;
			proxyType = 1;
			remoteGlobalIDString = 9A9277D42149973A00094883;
			remoteInfo = Harry_Potter;
		};
/* End PBXContainerItemProxy section */

/* Begin PBXFileReference section */
		9A256BA2215D44ED00EEBB55 /* CharacterViewController.swift */ = {isa = PBXFileReference; lastKnownFileType = sourcecode.swift; path = CharacterViewController.swift; sourceTree = "<group>"; };
		9A7F841C215A9AAC00EB4C23 /* Character.swift */ = {isa = PBXFileReference; lastKnownFileType = sourcecode.swift; path = Character.swift; sourceTree = "<group>"; };
		9A8224DC215D375C00CF4C23 /* characterInfo.xib */ = {isa = PBXFileReference; lastKnownFileType = file.xib; path = characterInfo.xib; sourceTree = "<group>"; };
		9A9277D52149973A00094883 /* Harry_Potter.app */ = {isa = PBXFileReference; explicitFileType = wrapper.application; includeInIndex = 0; path = Harry_Potter.app; sourceTree = BUILT_PRODUCTS_DIR; };
		9A9277D82149973A00094883 /* AppDelegate.swift */ = {isa = PBXFileReference; lastKnownFileType = sourcecode.swift; path = AppDelegate.swift; sourceTree = "<group>"; };
		9A9277DA2149973A00094883 /* ViewController.swift */ = {isa = PBXFileReference; lastKnownFileType = sourcecode.swift; path = ViewController.swift; sourceTree = "<group>"; };
		9A9277DD2149973A00094883 /* Base */ = {isa = PBXFileReference; lastKnownFileType = file.storyboard; name = Base; path = Base.lproj/Main.storyboard; sourceTree = "<group>"; };
		9A9277DF2149973B00094883 /* Assets.xcassets */ = {isa = PBXFileReference; lastKnownFileType = folder.assetcatalog; path = Assets.xcassets; sourceTree = "<group>"; };
		9A9277E22149973B00094883 /* Base */ = {isa = PBXFileReference; lastKnownFileType = file.storyboard; name = Base; path = Base.lproj/LaunchScreen.storyboard; sourceTree = "<group>"; };
		9A9277E42149973B00094883 /* Info.plist */ = {isa = PBXFileReference; lastKnownFileType = text.plist.xml; path = Info.plist; sourceTree = "<group>"; };
		9A9277E92149973B00094883 /* Harry_PotterTests.xctest */ = {isa = PBXFileReference; explicitFileType = wrapper.cfbundle; includeInIndex = 0; path = Harry_PotterTests.xctest; sourceTree = BUILT_PRODUCTS_DIR; };
		9A9277ED2149973B00094883 /* Harry_PotterTests.swift */ = {isa = PBXFileReference; lastKnownFileType = sourcecode.swift; path = Harry_PotterTests.swift; sourceTree = "<group>"; };
		9A9277EF2149973B00094883 /* Info.plist */ = {isa = PBXFileReference; lastKnownFileType = text.plist.xml; path = Info.plist; sourceTree = "<group>"; };
/* End PBXFileReference section */

/* Begin PBXFrameworksBuildPhase section */
		9A9277D22149973A00094883 /* Frameworks */ = {
			isa = PBXFrameworksBuildPhase;
			buildActionMask = 2147483647;
			files = (
			);
			runOnlyForDeploymentPostprocessing = 0;
		};
		9A9277E62149973B00094883 /* Frameworks */ = {
			isa = PBXFrameworksBuildPhase;
			buildActionMask = 2147483647;
			files = (
			);
			runOnlyForDeploymentPostprocessing = 0;
		};
/* End PBXFrameworksBuildPhase section */

/* Begin PBXGroup section */
		9A7F8419215A997A00EB4C23 /* Controller */ = {
			isa = PBXGroup;
			children = (
				9A256BA2215D44ED00EEBB55 /* CharacterViewController.swift */,
				9A9277DA2149973A00094883 /* ViewController.swift */,
			);
			path = Controller;
			sourceTree = "<group>";
		};
		9A7F841A215A999100EB4C23 /* Model */ = {
			isa = PBXGroup;
			children = (
				9A7F841C215A9AAC00EB4C23 /* Character.swift */,
			);
			path = Model;
			sourceTree = "<group>";
		};
		9A7F841B215A99A900EB4C23 /* View */ = {
			isa = PBXGroup;
			children = (
				9A9277DC2149973A00094883 /* Main.storyboard */,
				9A9277E12149973B00094883 /* LaunchScreen.storyboard */,
				9A8224DC215D375C00CF4C23 /* characterInfo.xib */,
			);
			path = View;
			sourceTree = "<group>";
		};
		9A9277CC2149973A00094883 = {
			isa = PBXGroup;
			children = (
				9A9277D72149973A00094883 /* Harry_Potter */,
				9A9277EC2149973B00094883 /* Harry_PotterTests */,
				9A9277D62149973A00094883 /* Products */,
			);
			sourceTree = "<group>";
		};
		9A9277D62149973A00094883 /* Products */ = {
			isa = PBXGroup;
			children = (
				9A9277D52149973A00094883 /* Harry_Potter.app */,
				9A9277E92149973B00094883 /* Harry_PotterTests.xctest */,
			);
			name = Products;
			sourceTree = "<group>";
		};
		9A9277D72149973A00094883 /* Harry_Potter */ = {
			isa = PBXGroup;
			children = (
				9A7F841A215A999100EB4C23 /* Model */,
				9A7F841B215A99A900EB4C23 /* View */,
				9A7F8419215A997A00EB4C23 /* Controller */,
				9A9277D82149973A00094883 /* AppDelegate.swift */,
				9A9277DF2149973B00094883 /* Assets.xcassets */,
				9A9277E42149973B00094883 /* Info.plist */,
			);
			path = Harry_Potter;
			sourceTree = "<group>";
		};
		9A9277EC2149973B00094883 /* Harry_PotterTests */ = {
			isa = PBXGroup;
			children = (
				9A9277ED2149973B00094883 /* Harry_PotterTests.swift */,
				9A9277EF2149973B00094883 /* Info.plist */,
			);
			path = Harry_PotterTests;
			sourceTree = "<group>";
		};
/* End PBXGroup section */

/* Begin PBXNativeTarget section */
		9A9277D42149973A00094883 /* Harry_Potter */ = {
			isa = PBXNativeTarget;
			buildConfigurationList = 9A9277F22149973B00094883 /* Build configuration list for PBXNativeTarget "Harry_Potter" */;
			buildPhases = (
				9A9277D12149973A00094883 /* Sources */,
				9A9277D22149973A00094883 /* Frameworks */,
				9A9277D32149973A00094883 /* Resources */,
			);
			buildRules = (
			);
			dependencies = (
			);
			name = Harry_Potter;
			productName = Harry_Potter;
			productReference = 9A9277D52149973A00094883 /* Harry_Potter.app */;
			productType = "com.apple.product-type.application";
		};
		9A9277E82149973B00094883 /* Harry_PotterTests */ = {
			isa = PBXNativeTarget;
			buildConfigurationList = 9A9277F52149973B00094883 /* Build configuration list for PBXNativeTarget "Harry_PotterTests" */;
			buildPhases = (
				9A9277E52149973B00094883 /* Sources */,
				9A9277E62149973B00094883 /* Frameworks */,
				9A9277E72149973B00094883 /* Resources */,
			);
			buildRules = (
			);
			dependencies = (
				9A9277EB2149973B00094883 /* PBXTargetDependency */,
			);
			name = Harry_PotterTests;
			productName = Harry_PotterTests;
			productReference = 9A9277E92149973B00094883 /* Harry_PotterTests.xctest */;
			productType = "com.apple.product-type.bundle.unit-test";
		};
/* End PBXNativeTarget section */

/* Begin PBXProject section */
		9A9277CD2149973A00094883 /* Project object */ = {
			isa = PBXProject;
			attributes = {
				LastSwiftUpdateCheck = 0940;
				LastUpgradeCheck = 0940;
				ORGANIZATIONNAME = "Rockwell Holbrook";
				TargetAttributes = {
					9A9277D42149973A00094883 = {
						CreatedOnToolsVersion = 9.4.1;
					};
					9A9277E82149973B00094883 = {
						CreatedOnToolsVersion = 9.4.1;
						TestTargetID = 9A9277D42149973A00094883;
					};
				};
			};
			buildConfigurationList = 9A9277D02149973A00094883 /* Build configuration list for PBXProject "Harry_Potter" */;
			compatibilityVersion = "Xcode 9.3";
			developmentRegion = en;
			hasScannedForEncodings = 0;
			knownRegions = (
				en,
				Base,
			);
			mainGroup = 9A9277CC2149973A00094883;
			productRefGroup = 9A9277D62149973A00094883 /* Products */;
			projectDirPath = "";
			projectRoot = "";
			targets = (
				9A9277D42149973A00094883 /* Harry_Potter */,
				9A9277E82149973B00094883 /* Harry_PotterTests */,
			);
		};
/* End PBXProject section */

/* Begin PBXResourcesBuildPhase section */
		9A9277D32149973A00094883 /* Resources */ = {
			isa = PBXResourcesBuildPhase;
			buildActionMask = 2147483647;
			files = (
				9A9277E32149973B00094883 /* LaunchScreen.storyboard in Resources */,
				9A9277E02149973B00094883 /* Assets.xcassets in Resources */,
				9A9277DE2149973A00094883 /* Main.storyboard in Resources */,
				9A8224DD215D375C00CF4C23 /* characterInfo.xib in Resources */,
			);
			runOnlyForDeploymentPostprocessing = 0;
		};
		9A9277E72149973B00094883 /* Resources */ = {
			isa = PBXResourcesBuildPhase;
			buildActionMask = 2147483647;
			files = (
			);
			runOnlyForDeploymentPostprocessing = 0;
		};
/* End PBXResourcesBuildPhase section */

/* Begin PBXSourcesBuildPhase section */
		9A9277D12149973A00094883 /* Sources */ = {
			isa = PBXSourcesBuildPhase;
			buildActionMask = 2147483647;
			files = (
				9A256BA3215D44ED00EEBB55 /* CharacterViewController.swift in Sources */,
				9A7F841D215A9AAC00EB4C23 /* Character.swift in Sources */,
				9A9277DB2149973A00094883 /* ViewController.swift in Sources */,
				9A9277D92149973A00094883 /* AppDelegate.swift in Sources */,
			);
			runOnlyForDeploymentPostprocessing = 0;
		};
		9A9277E52149973B00094883 /* Sources */ = {
			isa = PBXSourcesBuildPhase;
			buildActionMask = 2147483647;
			files = (
				9A9277EE2149973B00094883 /* Harry_PotterTests.swift in Sources */,
			);
			runOnlyForDeploymentPostprocessing = 0;
		};
/* End PBXSourcesBuildPhase section */

/* Begin PBXTargetDependency section */
		9A9277EB2149973B00094883 /* PBXTargetDependency */ = {
			isa = PBXTargetDependency;
			target = 9A9277D42149973A00094883 /* Harry_Potter */;
			targetProxy = 9A9277EA2149973B00094883 /* PBXContainerItemProxy */;
		};
/* End PBXTargetDependency section */

/* Begin PBXVariantGroup section */
		9A9277DC2149973A00094883 /* Main.storyboard */ = {
			isa = PBXVariantGroup;
			children = (
				9A9277DD2149973A00094883 /* Base */,
			);
			name = Main.storyboard;
			sourceTree = "<group>";
		};
		9A9277E12149973B00094883 /* LaunchScreen.storyboard */ = {
			isa = PBXVariantGroup;
			children = (
				9A9277E22149973B00094883 /* Base */,
			);
			name = LaunchScreen.storyboard;
			sourceTree = "<group>";
		};
/* End PBXVariantGroup section */

/* Begin XCBuildConfiguration section */
		9A9277F02149973B00094883 /* Debug */ = {
			isa = XCBuildConfiguration;
			buildSettings = {
				ALWAYS_SEARCH_USER_PATHS = NO;
				CLANG_ANALYZER_NONNULL = YES;
				CLANG_ANALYZER_NUMBER_OBJECT_CONVERSION = YES_AGGRESSIVE;
				CLANG_CXX_LANGUAGE_STANDARD = "gnu++14";
				CLANG_CXX_LIBRARY = "libc++";
				CLANG_ENABLE_MODULES = YES;
				CLANG_ENABLE_OBJC_ARC = YES;
				CLANG_ENABLE_OBJC_WEAK = YES;
				CLANG_WARN_BLOCK_CAPTURE_AUTORELEASING = YES;
				CLANG_WARN_BOOL_CONVERSION = YES;
				CLANG_WARN_COMMA = YES;
				CLANG_WARN_CONSTANT_CONVERSION = YES;
				CLANG_WARN_DEPRECATED_OBJC_IMPLEMENTATIONS = YES;
				CLANG_WARN_DIRECT_OBJC_ISA_USAGE = YES_ERROR;
				CLANG_WARN_DOCUMENTATION_COMMENTS = YES;
				CLANG_WARN_EMPTY_BODY = YES;
				CLANG_WARN_ENUM_CONVERSION = YES;
				CLANG_WARN_INFINITE_RECURSION = YES;
				CLANG_WARN_INT_CONVERSION = YES;
				CLANG_WARN_NON_LITERAL_NULL_CONVERSION = YES;
				CLANG_WARN_OBJC_IMPLICIT_RETAIN_SELF = YES;
				CLANG_WARN_OBJC_LITERAL_CONVERSION = YES;
				CLANG_WARN_OBJC_ROOT_CLASS = YES_ERROR;
				CLANG_WARN_RANGE_LOOP_ANALYSIS = YES;
				CLANG_WARN_STRICT_PROTOTYPES = YES;
				CLANG_WARN_SUSPICIOUS_MOVE = YES;
				CLANG_WARN_UNGUARDED_AVAILABILITY = YES_AGGRESSIVE;
				CLANG_WARN_UNREACHABLE_CODE = YES;
				CLANG_WARN__DUPLICATE_METHOD_MATCH = YES;
				CODE_SIGN_IDENTITY = "iPhone Developer";
				COPY_PHASE_STRIP = NO;
				DEBUG_INFORMATION_FORMAT = dwarf;
				ENABLE_STRICT_OBJC_MSGSEND = YES;
				ENABLE_TESTABILITY = YES;
				GCC_C_LANGUAGE_STANDARD = gnu11;
				GCC_DYNAMIC_NO_PIC = NO;
				GCC_NO_COMMON_BLOCKS = YES;
				GCC_OPTIMIZATION_LEVEL = 0;
				GCC_PREPROCESSOR_DEFINITIONS = (
					"DEBUG=1",
					"$(inherited)",
				);
				GCC_WARN_64_TO_32_BIT_CONVERSION = YES;
				GCC_WARN_ABOUT_RETURN_TYPE = YES_ERROR;
				GCC_WARN_UNDECLARED_SELECTOR = YES;
				GCC_WARN_UNINITIALIZED_AUTOS = YES_AGGRESSIVE;
				GCC_WARN_UNUSED_FUNCTION = YES;
				GCC_WARN_UNUSED_VARIABLE = YES;
				IPHONEOS_DEPLOYMENT_TARGET = 11.4;
				MTL_ENABLE_DEBUG_INFO = YES;
				ONLY_ACTIVE_ARCH = YES;
				SDKROOT = iphoneos;
				SWIFT_ACTIVE_COMPILATION_CONDITIONS = DEBUG;
				SWIFT_OPTIMIZATION_LEVEL = "-Onone";
			};
			name = Debug;
		};
		9A9277F12149973B00094883 /* Release */ = {
			isa = XCBuildConfiguration;
			buildSettings = {
				ALWAYS_SEARCH_USER_PATHS = NO;
				CLANG_ANALYZER_NONNULL = YES;
				CLANG_ANALYZER_NUMBER_OBJECT_CONVERSION = YES_AGGRESSIVE;
				CLANG_CXX_LANGUAGE_STANDARD = "gnu++14";
				CLANG_CXX_LIBRARY = "libc++";
				CLANG_ENABLE_MODULES = YES;
				CLANG_ENABLE_OBJC_ARC = YES;
				CLANG_ENABLE_OBJC_WEAK = YES;
				CLANG_WARN_BLOCK_CAPTURE_AUTORELEASING = YES;
				CLANG_WARN_BOOL_CONVERSION = YES;
				CLANG_WARN_COMMA = YES;
				CLANG_WARN_CONSTANT_CONVERSION = YES;
				CLANG_WARN_DEPRECATED_OBJC_IMPLEMENTATIONS = YES;
				CLANG_WARN_DIRECT_OBJC_ISA_USAGE = YES_ERROR;
				CLANG_WARN_DOCUMENTATION_COMMENTS = YES;
				CLANG_WARN_EMPTY_BODY = YES;
				CLANG_WARN_ENUM_CONVERSION = YES;
				CLANG_WARN_INFINITE_RECURSION = YES;
				CLANG_WARN_INT_CONVERSION = YES;
				CLANG_WARN_NON_LITERAL_NULL_CONVERSION = YES;
				CLANG_WARN_OBJC_IMPLICIT_RETAIN_SELF = YES;
				CLANG_WARN_OBJC_LITERAL_CONVERSION = YES;
				CLANG_WARN_OBJC_ROOT_CLASS = YES_ERROR;
				CLANG_WARN_RANGE_LOOP_ANALYSIS = YES;
				CLANG_WARN_STRICT_PROTOTYPES = YES;
				CLANG_WARN_SUSPICIOUS_MOVE = YES;
				CLANG_WARN_UNGUARDED_AVAILABILITY = YES_AGGRESSIVE;
				CLANG_WARN_UNREACHABLE_CODE = YES;
				CLANG_WARN__DUPLICATE_METHOD_MATCH = YES;
				CODE_SIGN_IDENTITY = "iPhone Developer";
				COPY_PHASE_STRIP = NO;
				DEBUG_INFORMATION_FORMAT = "dwarf-with-dsym";
				ENABLE_NS_ASSERTIONS = NO;
				ENABLE_STRICT_OBJC_MSGSEND = YES;
				GCC_C_LANGUAGE_STANDARD = gnu11;
				GCC_NO_COMMON_BLOCKS = YES;
				GCC_WARN_64_TO_32_BIT_CONVERSION = YES;
				GCC_WARN_ABOUT_RETURN_TYPE = YES_ERROR;
				GCC_WARN_UNDECLARED_SELECTOR = YES;
				GCC_WARN_UNINITIALIZED_AUTOS = YES_AGGRESSIVE;
				GCC_WARN_UNUSED_FUNCTION = YES;
				GCC_WARN_UNUSED_VARIABLE = YES;
				IPHONEOS_DEPLOYMENT_TARGET = 11.4;
				MTL_ENABLE_DEBUG_INFO = NO;
				SDKROOT = iphoneos;
				SWIFT_COMPILATION_MODE = wholemodule;
				SWIFT_OPTIMIZATION_LEVEL = "-O";
				VALIDATE_PRODUCT = YES;
			};
			name = Release;
		};
		9A9277F32149973B00094883 /* Debug */ = {
			isa = XCBuildConfiguration;
			buildSettings = {
				ASSETCATALOG_COMPILER_APPICON_NAME = AppIcon;
				CODE_SIGN_STYLE = Automatic;
				DEVELOPMENT_TEAM = YMRL77PY9G;
				INFOPLIST_FILE = Harry_Potter/Info.plist;
				LD_RUNPATH_SEARCH_PATHS = (
					"$(inherited)",
					"@executable_path/Frameworks",
				);
				PRODUCT_BUNDLE_IDENTIFIER = "byu.edu.Harry-Potter";
				PRODUCT_NAME = "$(TARGET_NAME)";
				SWIFT_VERSION = 4.0;
				TARGETED_DEVICE_FAMILY = "1,2";
			};
			name = Debug;
		};
		9A9277F42149973B00094883 /* Release */ = {
			isa = XCBuildConfiguration;
			buildSettings = {
				ASSETCATALOG_COMPILER_APPICON_NAME = AppIcon;
				CODE_SIGN_STYLE = Automatic;
				DEVELOPMENT_TEAM = YMRL77PY9G;
				INFOPLIST_FILE = Harry_Potter/Info.plist;
				LD_RUNPATH_SEARCH_PATHS = (
					"$(inherited)",
					"@executable_path/Frameworks",
				);
				PRODUCT_BUNDLE_IDENTIFIER = "byu.edu.Harry-Potter";
				PRODUCT_NAME = "$(TARGET_NAME)";
				SWIFT_VERSION = 4.0;
				TARGETED_DEVICE_FAMILY = "1,2";
			};
			name = Release;
		};
		9A9277F62149973B00094883 /* Debug */ = {
			isa = XCBuildConfiguration;
			buildSettings = {
				ALWAYS_EMBED_SWIFT_STANDARD_LIBRARIES = YES;
				BUNDLE_LOADER = "$(TEST_HOST)";
				CODE_SIGN_STYLE = Automatic;
				DEVELOPMENT_TEAM = YMRL77PY9G;
				INFOPLIST_FILE = Harry_PotterTests/Info.plist;
				LD_RUNPATH_SEARCH_PATHS = (
					"$(inherited)",
					"@executable_path/Frameworks",
					"@loader_path/Frameworks",
				);
				PRODUCT_BUNDLE_IDENTIFIER = "byu.edu.Harry-PotterTests";
				PRODUCT_NAME = "$(TARGET_NAME)";
				SWIFT_VERSION = 4.0;
				TARGETED_DEVICE_FAMILY = "1,2";
				TEST_HOST = "$(BUILT_PRODUCTS_DIR)/Harry_Potter.app/Harry_Potter";
			};
			name = Debug;
		};
		9A9277F72149973B00094883 /* Release */ = {
			isa = XCBuildConfiguration;
			buildSettings = {
				ALWAYS_EMBED_SWIFT_STANDARD_LIBRARIES = YES;
				BUNDLE_LOADER = "$(TEST_HOST)";
				CODE_SIGN_STYLE = Automatic;
				DEVELOPMENT_TEAM = YMRL77PY9G;
				INFOPLIST_FILE = Harry_PotterTests/Info.plist;
				LD_RUNPATH_SEARCH_PATHS = (
					"$(inherited)",
					"@executable_path/Frameworks",
					"@loader_path/Frameworks",
				);
				PRODUCT_BUNDLE_IDENTIFIER = "byu.edu.Harry-PotterTests";
				PRODUCT_NAME = "$(TARGET_NAME)";
				SWIFT_VERSION = 4.0;
				TARGETED_DEVICE_FAMILY = "1,2";
				TEST_HOST = "$(BUILT_PRODUCTS_DIR)/Harry_Potter.app/Harry_Potter";
			};
			name = Release;
		};
/* End XCBuildConfiguration section */

/* Begin XCConfigurationList section */
		9A9277D02149973A00094883 /* Build configuration list for PBXProject "Harry_Potter" */ = {
			isa = XCConfigurationList;
			buildConfigurations = (
				9A9277F02149973B00094883 /* Debug */,
				9A9277F12149973B00094883 /* Release */,
			);
			defaultConfigurationIsVisible = 0;
			defaultConfigurationName = Release;
		};
		9A9277F22149973B00094883 /* Build configuration list for PBXNativeTarget "Harry_Potter" */ = {
			isa = XCConfigurationList;
			buildConfigurations = (
				9A9277F32149973B00094883 /* Debug */,
				9A9277F42149973B00094883 /* Release */,
			);
			defaultConfigurationIsVisible = 0;
			defaultConfigurationName = Release;
		};
		9A9277F52149973B00094883 /* Build configuration list for PBXNativeTarget "Harry_PotterTests" */ = {
			isa = XCConfigurationList;
			buildConfigurations = (
				9A9277F62149973B00094883 /* Debug */,
				9A9277F72149973B00094883 /* Release */,
			);
			defaultConfigurationIsVisible = 0;
			defaultConfigurationName = Release;
		};
/* End XCConfigurationList section */
	};
	rootObject = 9A9277CD2149973A00094883 /* Project object */;
}
